
Microsoft Visual Studio Solution File, Format Version 12.00
# Visual Studio Version 17
VisualStudioVersion = 17.4.33205.214
MinimumVisualStudioVersion = 10.0.40219.1
Project("{FAE04EC0-301F-11D3-BF4B-00C04F79EFBC}") = "Day3FunctionsContinued", "Day3FunctionsContinued\Day3FunctionsContinued.csproj", "{DA368B81-F9E5-4F7E-93C9-5124CBD18C04}"
EndProject
Global
	GlobalSection(SolutionConfigurationPlatforms) = preSolution
		Debug|Any CPU = Debug|Any CPU
		Release|Any CPU = Release|Any CPU
	EndGlobalSection
	GlobalSection(ProjectConfigurationPlatforms) = postSolution
		{DA368B81-F9E5-4F7E-93C9-5124CBD18C04}.Debug|Any CPU.ActiveCfg = Debug|Any CPU
		{DA368B81-F9E5-4F7E-93C9-5124CBD18C04}.Debug|Any CPU.Build.0 = Debug|Any CPU
		{DA368B81-F9E5-4F7E-93C9-5124CBD18C04}.Release|Any CPU.ActiveCfg = Release|Any CPU
		{DA368B81-F9E5-4F7E-93C9-5124CBD18C04}.Release|Any CPU.Build.0 = Release|Any CPU
	EndGlobalSection
	GlobalSection(SolutionProperties) = preSolution
		HideSolutionNode = FALSE
	EndGlobalSection
	GlobalSection(ExtensibilityGlobals) = postSolution
		SolutionGuid = {37664631-DC5B-472B-B427-B50CEC5ECE5D}
	EndGlobalSection
EndGlobal
