
Microsoft Visual Studio Solution File, Format Version 12.00
# Visual Studio Version 17
VisualStudioVersion = 17.4.33205.214
MinimumVisualStudioVersion = 10.0.40219.1
Project("{FAE04EC0-301F-11D3-BF4B-00C04F79EFBC}") = "Day 4 Classes and objects", "Day 4 Classes and objects\Day 4 Classes and objects.csproj", "{910A004A-D747-4532-89B9-913B44251072}"
EndProject
Global
	GlobalSection(SolutionConfigurationPlatforms) = preSolution
		Debug|Any CPU = Debug|Any CPU
		Release|Any CPU = Release|Any CPU
	EndGlobalSection
	GlobalSection(ProjectConfigurationPlatforms) = postSolution
		{910A004A-D747-4532-89B9-913B44251072}.Debug|Any CPU.ActiveCfg = Debug|Any CPU
		{910A004A-D747-4532-89B9-913B44251072}.Debug|Any CPU.Build.0 = Debug|Any CPU
		{910A004A-D747-4532-89B9-913B44251072}.Release|Any CPU.ActiveCfg = Release|Any CPU
		{910A004A-D747-4532-89B9-913B44251072}.Release|Any CPU.Build.0 = Release|Any CPU
	EndGlobalSection
	GlobalSection(SolutionProperties) = preSolution
		HideSolutionNode = FALSE
	EndGlobalSection
	GlobalSection(ExtensibilityGlobals) = postSolution
		SolutionGuid = {0F4B492B-F429-4ED9-9A5F-678D34577858}
	EndGlobalSection
EndGlobal
